
Microsoft Visual Studio Solution File, Format Version 12.00
# Visual Studio Version 17
VisualStudioVersion = 17.3.32819.101
MinimumVisualStudioVersion = 10.0.40219.1
Project("{FAE04EC0-301F-11D3-BF4B-00C04F79EFBC}") = "TacoCatMVC", "TacoCatMVC\TacoCatMVC.csproj", "{FBEC31A5-BD27-457C-B564-1F29710A1874}"
EndProject
Global
	GlobalSection(SolutionConfigurationPlatforms) = preSolution
		Debug|Any CPU = Debug|Any CPU
		Release|Any CPU = Release|Any CPU
	EndGlobalSection
	GlobalSection(ProjectConfigurationPlatforms) = postSolution
		{FBEC31A5-BD27-457C-B564-1F29710A1874}.Debug|Any CPU.ActiveCfg = Debug|Any CPU
		{FBEC31A5-BD27-457C-B564-1F29710A1874}.Debug|Any CPU.Build.0 = Debug|Any CPU
		{FBEC31A5-BD27-457C-B564-1F29710A1874}.Release|Any CPU.ActiveCfg = Release|Any CPU
		{FBEC31A5-BD27-457C-B564-1F29710A1874}.Release|Any CPU.Build.0 = Release|Any CPU
	EndGlobalSection
	GlobalSection(SolutionProperties) = preSolution
		HideSolutionNode = FALSE
	EndGlobalSection
	GlobalSection(ExtensibilityGlobals) = postSolution
		SolutionGuid = {601FAFA4-AE16-411C-A0EA-3A2643951B70}
	EndGlobalSection
EndGlobal
